// !$*UTF8*$!
{
	archiveVersion = 1;
	classes = {
	};
	objectVersion = 56;
	objects = {

/* Begin PBXBuildFile section */
		FF2DFF292900280A00CA6544 /* StringExtension.swift in Sources */ = {isa = PBXBuildFile; fileRef = FF2DFF282900280A00CA6544 /* StringExtension.swift */; };
		FF2DFF302900557E00CA6544 /* FormViewModel.swift in Sources */ = {isa = PBXBuildFile; fileRef = FF2DFF2F2900557E00CA6544 /* FormViewModel.swift */; };
		FF2DFF32290055A900CA6544 /* FormViewController.swift in Sources */ = {isa = PBXBuildFile; fileRef = FF2DFF31290055A900CA6544 /* FormViewController.swift */; };
		FF6BDA902909A9C30038C127 /* FlightsOffersView.swift in Sources */ = {isa = PBXBuildFile; fileRef = FF6BDA8F2909A9C30038C127 /* FlightsOffersView.swift */; };
		FF6C0EDC29098D3900D2415B /* FormVIew.swift in Sources */ = {isa = PBXBuildFile; fileRef = FF6C0EDB29098D3900D2415B /* FormVIew.swift */; };
		FFA9EF82291006FA0026ACA8 /* Errors.swift in Sources */ = {isa = PBXBuildFile; fileRef = FFA9EF81291006FA0026ACA8 /* Errors.swift */; };
		FFA9EF8629103BD80026ACA8 /* AlertService.swift in Sources */ = {isa = PBXBuildFile; fileRef = FFA9EF8529103BD80026ACA8 /* AlertService.swift */; };
		FFB3D29C28F820DE005EAAF5 /* AppDelegate.swift in Sources */ = {isa = PBXBuildFile; fileRef = FFB3D29B28F820DE005EAAF5 /* AppDelegate.swift */; };
		FFB3D29E28F820DE005EAAF5 /* SceneDelegate.swift in Sources */ = {isa = PBXBuildFile; fileRef = FFB3D29D28F820DE005EAAF5 /* SceneDelegate.swift */; };
		FFB3D2A028F820DE005EAAF5 /* RoutesViewController.swift in Sources */ = {isa = PBXBuildFile; fileRef = FFB3D29F28F820DE005EAAF5 /* RoutesViewController.swift */; };
		FFB3D2A328F820DE005EAAF5 /* Main.storyboard in Resources */ = {isa = PBXBuildFile; fileRef = FFB3D2A128F820DE005EAAF5 /* Main.storyboard */; };
		FFB3D2A628F820DE005EAAF5 /* Stopoint.xcdatamodeld in Sources */ = {isa = PBXBuildFile; fileRef = FFB3D2A428F820DE005EAAF5 /* Stopoint.xcdatamodeld */; };
		FFB3D2A828F820DF005EAAF5 /* Assets.xcassets in Resources */ = {isa = PBXBuildFile; fileRef = FFB3D2A728F820DF005EAAF5 /* Assets.xcassets */; };
		FFB3D2B628F820DF005EAAF5 /* StopointTests.swift in Sources */ = {isa = PBXBuildFile; fileRef = FFB3D2B528F820DF005EAAF5 /* StopointTests.swift */; };
		FFB3D2C028F820DF005EAAF5 /* StopointUITests.swift in Sources */ = {isa = PBXBuildFile; fileRef = FFB3D2BF28F820DF005EAAF5 /* StopointUITests.swift */; };
		FFB3D2C228F820DF005EAAF5 /* StopointUITestsLaunchTests.swift in Sources */ = {isa = PBXBuildFile; fileRef = FFB3D2C128F820DF005EAAF5 /* StopointUITestsLaunchTests.swift */; };
		FFB3D2D628F82294005EAAF5 /* API.swift in Sources */ = {isa = PBXBuildFile; fileRef = FFB3D2D528F82294005EAAF5 /* API.swift */; };
		FFB3D2D828F822A3005EAAF5 /* URL.swift in Sources */ = {isa = PBXBuildFile; fileRef = FFB3D2D728F822A3005EAAF5 /* URL.swift */; };
		FFB3D2DD28F852A0005EAAF5 /* RoutesViewModel.swift in Sources */ = {isa = PBXBuildFile; fileRef = FFB3D2DC28F852A0005EAAF5 /* RoutesViewModel.swift */; };
		FFB3D2DF28F852BE005EAAF5 /* Account.swift in Sources */ = {isa = PBXBuildFile; fileRef = FFB3D2DE28F852BE005EAAF5 /* Account.swift */; };
		FFB3D2E328F97816005EAAF5 /* Keychain.swift in Sources */ = {isa = PBXBuildFile; fileRef = FFB3D2E228F97816005EAAF5 /* Keychain.swift */; };
		FFB3D2E628F9A9BA005EAAF5 /* Locations.swift in Sources */ = {isa = PBXBuildFile; fileRef = FFB3D2E528F9A9BA005EAAF5 /* Locations.swift */; };
		FFB3D2E828FD8457005EAAF5 /* FlightOffersViewModel.swift in Sources */ = {isa = PBXBuildFile; fileRef = FFB3D2E728FD8457005EAAF5 /* FlightOffersViewModel.swift */; };
		FFB3D2EA28FD84FC005EAAF5 /* Flight.swift in Sources */ = {isa = PBXBuildFile; fileRef = FFB3D2E928FD84FC005EAAF5 /* Flight.swift */; };
		FFB3D2EC28FD859E005EAAF5 /* FlightOffersViewController.swift in Sources */ = {isa = PBXBuildFile; fileRef = FFB3D2EB28FD859E005EAAF5 /* FlightOffersViewController.swift */; };
		FFB3D2EE28FD93F4005EAAF5 /* Offers.swift in Sources */ = {isa = PBXBuildFile; fileRef = FFB3D2ED28FD93F4005EAAF5 /* Offers.swift */; };
		FFB3D2F028FDC9E3005EAAF5 /* Token.swift in Sources */ = {isa = PBXBuildFile; fileRef = FFB3D2EF28FDC9E3005EAAF5 /* Token.swift */; };
		FFB3D2F428FEE7B5005EAAF5 /* RouteTableViewCell.swift in Sources */ = {isa = PBXBuildFile; fileRef = FFB3D2F328FEE7B5005EAAF5 /* RouteTableViewCell.swift */; };
		FFF8F80129007BE400A0D778 /* RouteComponent.swift in Sources */ = {isa = PBXBuildFile; fileRef = FFF8F80029007BE400A0D778 /* RouteComponent.swift */; };
		FFF8F8032901721700A0D778 /* Warning.swift in Sources */ = {isa = PBXBuildFile; fileRef = FFF8F8022901721700A0D778 /* Warning.swift */; };
		FFF8F80629018E5900A0D778 /* Protocols.swift in Sources */ = {isa = PBXBuildFile; fileRef = FFF8F80529018E5900A0D778 /* Protocols.swift */; };
		FFF8F80A290193BB00A0D778 /* OfferTableViewCell.swift in Sources */ = {isa = PBXBuildFile; fileRef = FFF8F809290193BB00A0D778 /* OfferTableViewCell.swift */; };
		FFF8F80C2901942700A0D778 /* OfferViewComponent.swift in Sources */ = {isa = PBXBuildFile; fileRef = FFF8F80B2901942700A0D778 /* OfferViewComponent.swift */; };
		FFF8F81029062FF800A0D778 /* TokenSpec.swift in Sources */ = {isa = PBXBuildFile; fileRef = FFF8F80F29062FF800A0D778 /* TokenSpec.swift */; };
		FFF8F81229063D0100A0D778 /* MockTokenService.swift in Sources */ = {isa = PBXBuildFile; fileRef = FFF8F81129063D0100A0D778 /* MockTokenService.swift */; };
		FFF8F8192906E29300A0D778 /* RoutesView.swift in Sources */ = {isa = PBXBuildFile; fileRef = FFF8F8182906E29300A0D778 /* RoutesView.swift */; };
/* End PBXBuildFile section */

/* Begin PBXContainerItemProxy section */
		FFB3D2B228F820DF005EAAF5 /* PBXContainerItemProxy */ = {
			isa = PBXContainerItemProxy;
			containerPortal = FFB3D29028F820DE005EAAF5 /* Project object */;
			proxyType = 1;
			remoteGlobalIDString = FFB3D29728F820DE005EAAF5;
			remoteInfo = Stopoint;
		};
		FFB3D2BC28F820DF005EAAF5 /* PBXContainerItemProxy */ = {
			isa = PBXContainerItemProxy;
			containerPortal = FFB3D29028F820DE005EAAF5 /* Project object */;
			proxyType = 1;
			remoteGlobalIDString = FFB3D29728F820DE005EAAF5;
			remoteInfo = Stopoint;
		};
/* End PBXContainerItemProxy section */

/* Begin PBXFileReference section */
		FF2DFF282900280A00CA6544 /* StringExtension.swift */ = {isa = PBXFileReference; lastKnownFileType = sourcecode.swift; path = StringExtension.swift; sourceTree = "<group>"; };
		FF2DFF2F2900557E00CA6544 /* FormViewModel.swift */ = {isa = PBXFileReference; lastKnownFileType = sourcecode.swift; path = FormViewModel.swift; sourceTree = "<group>"; };
		FF2DFF31290055A900CA6544 /* FormViewController.swift */ = {isa = PBXFileReference; lastKnownFileType = sourcecode.swift; path = FormViewController.swift; sourceTree = "<group>"; };
		FF6BDA8F2909A9C30038C127 /* FlightsOffersView.swift */ = {isa = PBXFileReference; lastKnownFileType = sourcecode.swift; path = FlightsOffersView.swift; sourceTree = "<group>"; };
		FF6C0EDB29098D3900D2415B /* FormVIew.swift */ = {isa = PBXFileReference; lastKnownFileType = sourcecode.swift; path = FormVIew.swift; sourceTree = "<group>"; };
		FFA9EF81291006FA0026ACA8 /* Errors.swift */ = {isa = PBXFileReference; lastKnownFileType = sourcecode.swift; path = Errors.swift; sourceTree = "<group>"; };
		FFA9EF8529103BD80026ACA8 /* AlertService.swift */ = {isa = PBXFileReference; lastKnownFileType = sourcecode.swift; path = AlertService.swift; sourceTree = "<group>"; };
		FFB3D29828F820DE005EAAF5 /* Stopoint.app */ = {isa = PBXFileReference; explicitFileType = wrapper.application; includeInIndex = 0; path = Stopoint.app; sourceTree = BUILT_PRODUCTS_DIR; };
		FFB3D29B28F820DE005EAAF5 /* AppDelegate.swift */ = {isa = PBXFileReference; lastKnownFileType = sourcecode.swift; path = AppDelegate.swift; sourceTree = "<group>"; };
		FFB3D29D28F820DE005EAAF5 /* SceneDelegate.swift */ = {isa = PBXFileReference; lastKnownFileType = sourcecode.swift; path = SceneDelegate.swift; sourceTree = "<group>"; };
		FFB3D29F28F820DE005EAAF5 /* RoutesViewController.swift */ = {isa = PBXFileReference; lastKnownFileType = sourcecode.swift; path = RoutesViewController.swift; sourceTree = "<group>"; };
		FFB3D2A228F820DE005EAAF5 /* Base */ = {isa = PBXFileReference; lastKnownFileType = file.storyboard; name = Base; path = Base.lproj/Main.storyboard; sourceTree = "<group>"; };
		FFB3D2A528F820DE005EAAF5 /* Stopoint.xcdatamodel */ = {isa = PBXFileReference; lastKnownFileType = wrapper.xcdatamodel; path = Stopoint.xcdatamodel; sourceTree = "<group>"; };
		FFB3D2A728F820DF005EAAF5 /* Assets.xcassets */ = {isa = PBXFileReference; lastKnownFileType = folder.assetcatalog; path = Assets.xcassets; sourceTree = "<group>"; };
		FFB3D2AC28F820DF005EAAF5 /* Info.plist */ = {isa = PBXFileReference; lastKnownFileType = text.plist.xml; path = Info.plist; sourceTree = "<group>"; };
		FFB3D2B128F820DF005EAAF5 /* StopointTests.xctest */ = {isa = PBXFileReference; explicitFileType = wrapper.cfbundle; includeInIndex = 0; path = StopointTests.xctest; sourceTree = BUILT_PRODUCTS_DIR; };
		FFB3D2B528F820DF005EAAF5 /* StopointTests.swift */ = {isa = PBXFileReference; lastKnownFileType = sourcecode.swift; path = StopointTests.swift; sourceTree = "<group>"; };
		FFB3D2BB28F820DF005EAAF5 /* StopointUITests.xctest */ = {isa = PBXFileReference; explicitFileType = wrapper.cfbundle; includeInIndex = 0; path = StopointUITests.xctest; sourceTree = BUILT_PRODUCTS_DIR; };
		FFB3D2BF28F820DF005EAAF5 /* StopointUITests.swift */ = {isa = PBXFileReference; lastKnownFileType = sourcecode.swift; path = StopointUITests.swift; sourceTree = "<group>"; };
		FFB3D2C128F820DF005EAAF5 /* StopointUITestsLaunchTests.swift */ = {isa = PBXFileReference; lastKnownFileType = sourcecode.swift; path = StopointUITestsLaunchTests.swift; sourceTree = "<group>"; };
		FFB3D2D528F82294005EAAF5 /* API.swift */ = {isa = PBXFileReference; lastKnownFileType = sourcecode.swift; path = API.swift; sourceTree = "<group>"; };
		FFB3D2D728F822A3005EAAF5 /* URL.swift */ = {isa = PBXFileReference; lastKnownFileType = sourcecode.swift; path = URL.swift; sourceTree = "<group>"; };
		FFB3D2DC28F852A0005EAAF5 /* RoutesViewModel.swift */ = {isa = PBXFileReference; lastKnownFileType = sourcecode.swift; path = RoutesViewModel.swift; sourceTree = "<group>"; };
		FFB3D2DE28F852BE005EAAF5 /* Account.swift */ = {isa = PBXFileReference; lastKnownFileType = sourcecode.swift; path = Account.swift; sourceTree = "<group>"; };
		FFB3D2E228F97816005EAAF5 /* Keychain.swift */ = {isa = PBXFileReference; lastKnownFileType = sourcecode.swift; path = Keychain.swift; sourceTree = "<group>"; };
		FFB3D2E528F9A9BA005EAAF5 /* Locations.swift */ = {isa = PBXFileReference; lastKnownFileType = sourcecode.swift; path = Locations.swift; sourceTree = "<group>"; };
		FFB3D2E728FD8457005EAAF5 /* FlightOffersViewModel.swift */ = {isa = PBXFileReference; lastKnownFileType = sourcecode.swift; path = FlightOffersViewModel.swift; sourceTree = "<group>"; };
		FFB3D2E928FD84FC005EAAF5 /* Flight.swift */ = {isa = PBXFileReference; lastKnownFileType = sourcecode.swift; path = Flight.swift; sourceTree = "<group>"; };
		FFB3D2EB28FD859E005EAAF5 /* FlightOffersViewController.swift */ = {isa = PBXFileReference; lastKnownFileType = sourcecode.swift; path = FlightOffersViewController.swift; sourceTree = "<group>"; };
		FFB3D2ED28FD93F4005EAAF5 /* Offers.swift */ = {isa = PBXFileReference; lastKnownFileType = sourcecode.swift; path = Offers.swift; sourceTree = "<group>"; };
		FFB3D2EF28FDC9E3005EAAF5 /* Token.swift */ = {isa = PBXFileReference; lastKnownFileType = sourcecode.swift; path = Token.swift; sourceTree = "<group>"; };
		FFB3D2F328FEE7B5005EAAF5 /* RouteTableViewCell.swift */ = {isa = PBXFileReference; lastKnownFileType = sourcecode.swift; path = RouteTableViewCell.swift; sourceTree = "<group>"; };
		FFF8F80029007BE400A0D778 /* RouteComponent.swift */ = {isa = PBXFileReference; lastKnownFileType = sourcecode.swift; path = RouteComponent.swift; sourceTree = "<group>"; };
		FFF8F8022901721700A0D778 /* Warning.swift */ = {isa = PBXFileReference; lastKnownFileType = sourcecode.swift; path = Warning.swift; sourceTree = "<group>"; };
		FFF8F80529018E5900A0D778 /* Protocols.swift */ = {isa = PBXFileReference; lastKnownFileType = sourcecode.swift; path = Protocols.swift; sourceTree = "<group>"; };
		FFF8F809290193BB00A0D778 /* OfferTableViewCell.swift */ = {isa = PBXFileReference; lastKnownFileType = sourcecode.swift; path = OfferTableViewCell.swift; sourceTree = "<group>"; };
		FFF8F80B2901942700A0D778 /* OfferViewComponent.swift */ = {isa = PBXFileReference; lastKnownFileType = sourcecode.swift; path = OfferViewComponent.swift; sourceTree = "<group>"; };
		FFF8F80F29062FF800A0D778 /* TokenSpec.swift */ = {isa = PBXFileReference; lastKnownFileType = sourcecode.swift; path = TokenSpec.swift; sourceTree = "<group>"; };
		FFF8F81129063D0100A0D778 /* MockTokenService.swift */ = {isa = PBXFileReference; lastKnownFileType = sourcecode.swift; path = MockTokenService.swift; sourceTree = "<group>"; };
		FFF8F8182906E29300A0D778 /* RoutesView.swift */ = {isa = PBXFileReference; lastKnownFileType = sourcecode.swift; path = RoutesView.swift; sourceTree = "<group>"; };
/* End PBXFileReference section */

/* Begin PBXFrameworksBuildPhase section */
		FFB3D29528F820DE005EAAF5 /* Frameworks */ = {
			isa = PBXFrameworksBuildPhase;
			buildActionMask = 2147483647;
			files = (
			);
			runOnlyForDeploymentPostprocessing = 0;
		};
		FFB3D2AE28F820DF005EAAF5 /* Frameworks */ = {
			isa = PBXFrameworksBuildPhase;
			buildActionMask = 2147483647;
			files = (
			);
			runOnlyForDeploymentPostprocessing = 0;
		};
		FFB3D2B828F820DF005EAAF5 /* Frameworks */ = {
			isa = PBXFrameworksBuildPhase;
			buildActionMask = 2147483647;
			files = (
			);
			runOnlyForDeploymentPostprocessing = 0;
		};
/* End PBXFrameworksBuildPhase section */

/* Begin PBXGroup section */
		FF6BDA8E2909A9B20038C127 /* Offers */ = {
			isa = PBXGroup;
			children = (
				FFF8F809290193BB00A0D778 /* OfferTableViewCell.swift */,
				FFF8F80B2901942700A0D778 /* OfferViewComponent.swift */,
				FF6BDA8F2909A9C30038C127 /* FlightsOffersView.swift */,
			);
			path = Offers;
			sourceTree = "<group>";
		};
		FF6C0EDA29098D2900D2415B /* Form */ = {
			isa = PBXGroup;
			children = (
				FF6C0EDB29098D3900D2415B /* FormVIew.swift */,
			);
			path = Form;
			sourceTree = "<group>";
		};
		FFB3D28F28F820DE005EAAF5 = {
			isa = PBXGroup;
			children = (
				FFB3D29A28F820DE005EAAF5 /* Stopoint */,
				FFB3D2B428F820DF005EAAF5 /* StopointTests */,
				FFB3D2BE28F820DF005EAAF5 /* StopointUITests */,
				FFB3D29928F820DE005EAAF5 /* Products */,
			);
			sourceTree = "<group>";
		};
		FFB3D29928F820DE005EAAF5 /* Products */ = {
			isa = PBXGroup;
			children = (
				FFB3D29828F820DE005EAAF5 /* Stopoint.app */,
				FFB3D2B128F820DF005EAAF5 /* StopointTests.xctest */,
				FFB3D2BB28F820DF005EAAF5 /* StopointUITests.xctest */,
			);
			name = Products;
			sourceTree = "<group>";
		};
		FFB3D29A28F820DE005EAAF5 /* Stopoint */ = {
			isa = PBXGroup;
			children = (
				FFB3D2D328F8213F005EAAF5 /* Controllers */,
				FFB3D2D228F82137005EAAF5 /* Resources */,
				FFB3D2D128F82124005EAAF5 /* ViewModels */,
				FFB3D2D028F82119005EAAF5 /* Models */,
				FFB3D2CF28F8210B005EAAF5 /* Views */,
				FFB3D2CE28F820EB005EAAF5 /* Managers */,
				FFB3D29B28F820DE005EAAF5 /* AppDelegate.swift */,
				FFB3D29D28F820DE005EAAF5 /* SceneDelegate.swift */,
				FFB3D2A128F820DE005EAAF5 /* Main.storyboard */,
				FFB3D2A728F820DF005EAAF5 /* Assets.xcassets */,
				FFB3D2AC28F820DF005EAAF5 /* Info.plist */,
				FFB3D2A428F820DE005EAAF5 /* Stopoint.xcdatamodeld */,
			);
			path = Stopoint;
			sourceTree = "<group>";
		};
		FFB3D2B428F820DF005EAAF5 /* StopointTests */ = {
			isa = PBXGroup;
			children = (
				FFB3D2B528F820DF005EAAF5 /* StopointTests.swift */,
				FFF8F80F29062FF800A0D778 /* TokenSpec.swift */,
				FFF8F81129063D0100A0D778 /* MockTokenService.swift */,
			);
			path = StopointTests;
			sourceTree = "<group>";
		};
		FFB3D2BE28F820DF005EAAF5 /* StopointUITests */ = {
			isa = PBXGroup;
			children = (
				FFB3D2BF28F820DF005EAAF5 /* StopointUITests.swift */,
				FFB3D2C128F820DF005EAAF5 /* StopointUITestsLaunchTests.swift */,
			);
			path = StopointUITests;
			sourceTree = "<group>";
		};
		FFB3D2CE28F820EB005EAAF5 /* Managers */ = {
			isa = PBXGroup;
			children = (
				FFB3D2D528F82294005EAAF5 /* API.swift */,
				FFB3D2E228F97816005EAAF5 /* Keychain.swift */,
				FFB3D2EF28FDC9E3005EAAF5 /* Token.swift */,
			);
			path = Managers;
			sourceTree = "<group>";
		};
		FFB3D2CF28F8210B005EAAF5 /* Views */ = {
			isa = PBXGroup;
			children = (
				FF6BDA8E2909A9B20038C127 /* Offers */,
				FF6C0EDA29098D2900D2415B /* Form */,
				FFF8F8172906E24700A0D778 /* Routes */,
			);
			path = Views;
			sourceTree = "<group>";
		};
		FFB3D2D028F82119005EAAF5 /* Models */ = {
			isa = PBXGroup;
			children = (
				FFB3D2DE28F852BE005EAAF5 /* Account.swift */,
				FFB3D2E528F9A9BA005EAAF5 /* Locations.swift */,
				FFB3D2E928FD84FC005EAAF5 /* Flight.swift */,
				FFB3D2ED28FD93F4005EAAF5 /* Offers.swift */,
				FFF8F8022901721700A0D778 /* Warning.swift */,
			);
			path = Models;
			sourceTree = "<group>";
		};
		FFB3D2D128F82124005EAAF5 /* ViewModels */ = {
			isa = PBXGroup;
			children = (
				FFB3D2DC28F852A0005EAAF5 /* RoutesViewModel.swift */,
				FFB3D2E728FD8457005EAAF5 /* FlightOffersViewModel.swift */,
				FF2DFF2F2900557E00CA6544 /* FormViewModel.swift */,
			);
			path = ViewModels;
			sourceTree = "<group>";
		};
		FFB3D2D228F82137005EAAF5 /* Resources */ = {
			isa = PBXGroup;
			children = (
				FFB3D2D728F822A3005EAAF5 /* URL.swift */,
				FF2DFF282900280A00CA6544 /* StringExtension.swift */,
				FFF8F80529018E5900A0D778 /* Protocols.swift */,
				FFA9EF81291006FA0026ACA8 /* Errors.swift */,
				FFA9EF8529103BD80026ACA8 /* AlertService.swift */,
			);
			path = Resources;
			sourceTree = "<group>";
		};
		FFB3D2D328F8213F005EAAF5 /* Controllers */ = {
			isa = PBXGroup;
			children = (
				FFB3D29F28F820DE005EAAF5 /* RoutesViewController.swift */,
				FFB3D2EB28FD859E005EAAF5 /* FlightOffersViewController.swift */,
				FF2DFF31290055A900CA6544 /* FormViewController.swift */,
			);
			path = Controllers;
			sourceTree = "<group>";
		};
		FFF8F8172906E24700A0D778 /* Routes */ = {
			isa = PBXGroup;
			children = (
				FFB3D2F328FEE7B5005EAAF5 /* RouteTableViewCell.swift */,
				FFF8F80029007BE400A0D778 /* RouteComponent.swift */,
				FFF8F8182906E29300A0D778 /* RoutesView.swift */,
			);
			path = Routes;
			sourceTree = "<group>";
		};
/* End PBXGroup section */

/* Begin PBXNativeTarget section */
		FFB3D29728F820DE005EAAF5 /* Stopoint */ = {
			isa = PBXNativeTarget;
			buildConfigurationList = FFB3D2C528F820DF005EAAF5 /* Build configuration list for PBXNativeTarget "Stopoint" */;
			buildPhases = (
				FFB3D29428F820DE005EAAF5 /* Sources */,
				FFB3D29528F820DE005EAAF5 /* Frameworks */,
				FFB3D29628F820DE005EAAF5 /* Resources */,
				FFB3D2DB28F83D56005EAAF5 /* Swiftlint */,
			);
			buildRules = (
			);
			dependencies = (
			);
			name = Stopoint;
			productName = Stopoint;
			productReference = FFB3D29828F820DE005EAAF5 /* Stopoint.app */;
			productType = "com.apple.product-type.application";
		};
		FFB3D2B028F820DF005EAAF5 /* StopointTests */ = {
			isa = PBXNativeTarget;
			buildConfigurationList = FFB3D2C828F820DF005EAAF5 /* Build configuration list for PBXNativeTarget "StopointTests" */;
			buildPhases = (
				FFB3D2AD28F820DF005EAAF5 /* Sources */,
				FFB3D2AE28F820DF005EAAF5 /* Frameworks */,
				FFB3D2AF28F820DF005EAAF5 /* Resources */,
			);
			buildRules = (
			);
			dependencies = (
				FFB3D2B328F820DF005EAAF5 /* PBXTargetDependency */,
			);
			name = StopointTests;
			productName = StopointTests;
			productReference = FFB3D2B128F820DF005EAAF5 /* StopointTests.xctest */;
			productType = "com.apple.product-type.bundle.unit-test";
		};
		FFB3D2BA28F820DF005EAAF5 /* StopointUITests */ = {
			isa = PBXNativeTarget;
			buildConfigurationList = FFB3D2CB28F820DF005EAAF5 /* Build configuration list for PBXNativeTarget "StopointUITests" */;
			buildPhases = (
				FFB3D2B728F820DF005EAAF5 /* Sources */,
				FFB3D2B828F820DF005EAAF5 /* Frameworks */,
				FFB3D2B928F820DF005EAAF5 /* Resources */,
			);
			buildRules = (
			);
			dependencies = (
				FFB3D2BD28F820DF005EAAF5 /* PBXTargetDependency */,
			);
			name = StopointUITests;
			productName = StopointUITests;
			productReference = FFB3D2BB28F820DF005EAAF5 /* StopointUITests.xctest */;
			productType = "com.apple.product-type.bundle.ui-testing";
		};
/* End PBXNativeTarget section */

/* Begin PBXProject section */
		FFB3D29028F820DE005EAAF5 /* Project object */ = {
			isa = PBXProject;
			attributes = {
				BuildIndependentTargetsInParallel = 1;
				LastSwiftUpdateCheck = 1400;
				LastUpgradeCheck = 1400;
				TargetAttributes = {
					FFB3D29728F820DE005EAAF5 = {
						CreatedOnToolsVersion = 14.0.1;
					};
					FFB3D2B028F820DF005EAAF5 = {
						CreatedOnToolsVersion = 14.0.1;
						TestTargetID = FFB3D29728F820DE005EAAF5;
					};
					FFB3D2BA28F820DF005EAAF5 = {
						CreatedOnToolsVersion = 14.0.1;
						TestTargetID = FFB3D29728F820DE005EAAF5;
					};
				};
			};
			buildConfigurationList = FFB3D29328F820DE005EAAF5 /* Build configuration list for PBXProject "Stopoint" */;
			compatibilityVersion = "Xcode 14.0";
			developmentRegion = en;
			hasScannedForEncodings = 0;
			knownRegions = (
				en,
				Base,
			);
			mainGroup = FFB3D28F28F820DE005EAAF5;
			productRefGroup = FFB3D29928F820DE005EAAF5 /* Products */;
			projectDirPath = "";
			projectRoot = "";
			targets = (
				FFB3D29728F820DE005EAAF5 /* Stopoint */,
				FFB3D2B028F820DF005EAAF5 /* StopointTests */,
				FFB3D2BA28F820DF005EAAF5 /* StopointUITests */,
			);
		};
/* End PBXProject section */

/* Begin PBXResourcesBuildPhase section */
		FFB3D29628F820DE005EAAF5 /* Resources */ = {
			isa = PBXResourcesBuildPhase;
			buildActionMask = 2147483647;
			files = (
				FFB3D2A828F820DF005EAAF5 /* Assets.xcassets in Resources */,
				FFB3D2A328F820DE005EAAF5 /* Main.storyboard in Resources */,
			);
			runOnlyForDeploymentPostprocessing = 0;
		};
		FFB3D2AF28F820DF005EAAF5 /* Resources */ = {
			isa = PBXResourcesBuildPhase;
			buildActionMask = 2147483647;
			files = (
			);
			runOnlyForDeploymentPostprocessing = 0;
		};
		FFB3D2B928F820DF005EAAF5 /* Resources */ = {
			isa = PBXResourcesBuildPhase;
			buildActionMask = 2147483647;
			files = (
			);
			runOnlyForDeploymentPostprocessing = 0;
		};
/* End PBXResourcesBuildPhase section */

/* Begin PBXShellScriptBuildPhase section */
		FFB3D2DB28F83D56005EAAF5 /* Swiftlint */ = {
			isa = PBXShellScriptBuildPhase;
			buildActionMask = 2147483647;
			files = (
			);
			inputFileListPaths = (
			);
			inputPaths = (
			);
			name = Swiftlint;
			outputFileListPaths = (
			);
			outputPaths = (
			);
			runOnlyForDeploymentPostprocessing = 0;
			shellPath = /bin/sh;
			shellScript = "export PATH=\"$PATH:/opt/homebrew/bin\"\nif which swiftlint > /dev/null; then\n  swiftlint\nelse\n  echo \"warning: SwiftLint not installed, download from https://github.com/realm/SwiftLint\"\nfi\n";
		};
/* End PBXShellScriptBuildPhase section */

/* Begin PBXSourcesBuildPhase section */
		FFB3D29428F820DE005EAAF5 /* Sources */ = {
			isa = PBXSourcesBuildPhase;
			buildActionMask = 2147483647;
			files = (
				FFB3D2A028F820DE005EAAF5 /* RoutesViewController.swift in Sources */,
				FFB3D2E828FD8457005EAAF5 /* FlightOffersViewModel.swift in Sources */,
				FFB3D2A628F820DE005EAAF5 /* Stopoint.xcdatamodeld in Sources */,
				FFF8F80629018E5900A0D778 /* Protocols.swift in Sources */,
				FF2DFF32290055A900CA6544 /* FormViewController.swift in Sources */,
				FFF8F80129007BE400A0D778 /* RouteComponent.swift in Sources */,
				FFB3D29C28F820DE005EAAF5 /* AppDelegate.swift in Sources */,
				FFF8F80C2901942700A0D778 /* OfferViewComponent.swift in Sources */,
				FFB3D2EC28FD859E005EAAF5 /* FlightOffersViewController.swift in Sources */,
				FFB3D29E28F820DE005EAAF5 /* SceneDelegate.swift in Sources */,
				FFF8F8032901721700A0D778 /* Warning.swift in Sources */,
				FFF8F8192906E29300A0D778 /* RoutesView.swift in Sources */,
				FFB3D2F028FDC9E3005EAAF5 /* Token.swift in Sources */,
				FFB3D2D628F82294005EAAF5 /* API.swift in Sources */,
				FF6C0EDC29098D3900D2415B /* FormVIew.swift in Sources */,
				FF2DFF292900280A00CA6544 /* StringExtension.swift in Sources */,
				FFB3D2F428FEE7B5005EAAF5 /* RouteTableViewCell.swift in Sources */,
				FFA9EF8629103BD80026ACA8 /* AlertService.swift in Sources */,
				FFF8F80A290193BB00A0D778 /* OfferTableViewCell.swift in Sources */,
				FFB3D2E328F97816005EAAF5 /* Keychain.swift in Sources */,
				FFB3D2EE28FD93F4005EAAF5 /* Offers.swift in Sources */,
				FFA9EF82291006FA0026ACA8 /* Errors.swift in Sources */,
				FF2DFF302900557E00CA6544 /* FormViewModel.swift in Sources */,
				FFB3D2DF28F852BE005EAAF5 /* Account.swift in Sources */,
				FFB3D2E628F9A9BA005EAAF5 /* Locations.swift in Sources */,
				FFB3D2EA28FD84FC005EAAF5 /* Flight.swift in Sources */,
				FF6BDA902909A9C30038C127 /* FlightsOffersView.swift in Sources */,
				FFB3D2D828F822A3005EAAF5 /* URL.swift in Sources */,
				FFB3D2DD28F852A0005EAAF5 /* RoutesViewModel.swift in Sources */,
			);
			runOnlyForDeploymentPostprocessing = 0;
		};
		FFB3D2AD28F820DF005EAAF5 /* Sources */ = {
			isa = PBXSourcesBuildPhase;
			buildActionMask = 2147483647;
			files = (
				FFF8F81029062FF800A0D778 /* TokenSpec.swift in Sources */,
				FFB3D2B628F820DF005EAAF5 /* StopointTests.swift in Sources */,
				FFF8F81229063D0100A0D778 /* MockTokenService.swift in Sources */,
			);
			runOnlyForDeploymentPostprocessing = 0;
		};
		FFB3D2B728F820DF005EAAF5 /* Sources */ = {
			isa = PBXSourcesBuildPhase;
			buildActionMask = 2147483647;
			files = (
				FFB3D2C228F820DF005EAAF5 /* StopointUITestsLaunchTests.swift in Sources */,
				FFB3D2C028F820DF005EAAF5 /* StopointUITests.swift in Sources */,
			);
			runOnlyForDeploymentPostprocessing = 0;
		};
/* End PBXSourcesBuildPhase section */

/* Begin PBXTargetDependency section */
		FFB3D2B328F820DF005EAAF5 /* PBXTargetDependency */ = {
			isa = PBXTargetDependency;
			target = FFB3D29728F820DE005EAAF5 /* Stopoint */;
			targetProxy = FFB3D2B228F820DF005EAAF5 /* PBXContainerItemProxy */;
		};
		FFB3D2BD28F820DF005EAAF5 /* PBXTargetDependency */ = {
			isa = PBXTargetDependency;
			target = FFB3D29728F820DE005EAAF5 /* Stopoint */;
			targetProxy = FFB3D2BC28F820DF005EAAF5 /* PBXContainerItemProxy */;
		};
/* End PBXTargetDependency section */

/* Begin PBXVariantGroup section */
		FFB3D2A128F820DE005EAAF5 /* Main.storyboard */ = {
			isa = PBXVariantGroup;
			children = (
				FFB3D2A228F820DE005EAAF5 /* Base */,
			);
			name = Main.storyboard;
			sourceTree = "<group>";
		};
/* End PBXVariantGroup section */

/* Begin XCBuildConfiguration section */
		FFB3D2C328F820DF005EAAF5 /* Debug */ = {
			isa = XCBuildConfiguration;
			buildSettings = {
				ALWAYS_SEARCH_USER_PATHS = NO;
				CLANG_ANALYZER_NONNULL = YES;
				CLANG_ANALYZER_NUMBER_OBJECT_CONVERSION = YES_AGGRESSIVE;
				CLANG_CXX_LANGUAGE_STANDARD = "gnu++20";
				CLANG_ENABLE_MODULES = YES;
				CLANG_ENABLE_OBJC_ARC = YES;
				CLANG_ENABLE_OBJC_WEAK = YES;
				CLANG_WARN_BLOCK_CAPTURE_AUTORELEASING = YES;
				CLANG_WARN_BOOL_CONVERSION = YES;
				CLANG_WARN_COMMA = YES;
				CLANG_WARN_CONSTANT_CONVERSION = YES;
				CLANG_WARN_DEPRECATED_OBJC_IMPLEMENTATIONS = YES;
				CLANG_WARN_DIRECT_OBJC_ISA_USAGE = YES_ERROR;
				CLANG_WARN_DOCUMENTATION_COMMENTS = YES;
				CLANG_WARN_EMPTY_BODY = YES;
				CLANG_WARN_ENUM_CONVERSION = YES;
				CLANG_WARN_INFINITE_RECURSION = YES;
				CLANG_WARN_INT_CONVERSION = YES;
				CLANG_WARN_NON_LITERAL_NULL_CONVERSION = YES;
				CLANG_WARN_OBJC_IMPLICIT_RETAIN_SELF = YES;
				CLANG_WARN_OBJC_LITERAL_CONVERSION = YES;
				CLANG_WARN_OBJC_ROOT_CLASS = YES_ERROR;
				CLANG_WARN_QUOTED_INCLUDE_IN_FRAMEWORK_HEADER = YES;
				CLANG_WARN_RANGE_LOOP_ANALYSIS = YES;
				CLANG_WARN_STRICT_PROTOTYPES = YES;
				CLANG_WARN_SUSPICIOUS_MOVE = YES;
				CLANG_WARN_UNGUARDED_AVAILABILITY = YES_AGGRESSIVE;
				CLANG_WARN_UNREACHABLE_CODE = YES;
				CLANG_WARN__DUPLICATE_METHOD_MATCH = YES;
				COPY_PHASE_STRIP = NO;
				DEBUG_INFORMATION_FORMAT = dwarf;
				ENABLE_STRICT_OBJC_MSGSEND = YES;
				ENABLE_TESTABILITY = YES;
				GCC_C_LANGUAGE_STANDARD = gnu11;
				GCC_DYNAMIC_NO_PIC = NO;
				GCC_NO_COMMON_BLOCKS = YES;
				GCC_OPTIMIZATION_LEVEL = 0;
				GCC_PREPROCESSOR_DEFINITIONS = (
					"DEBUG=1",
					"$(inherited)",
				);
				GCC_WARN_64_TO_32_BIT_CONVERSION = YES;
				GCC_WARN_ABOUT_RETURN_TYPE = YES_ERROR;
				GCC_WARN_UNDECLARED_SELECTOR = YES;
				GCC_WARN_UNINITIALIZED_AUTOS = YES_AGGRESSIVE;
				GCC_WARN_UNUSED_FUNCTION = YES;
				GCC_WARN_UNUSED_VARIABLE = YES;
				IPHONEOS_DEPLOYMENT_TARGET = 16.0;
				MTL_ENABLE_DEBUG_INFO = INCLUDE_SOURCE;
				MTL_FAST_MATH = YES;
				ONLY_ACTIVE_ARCH = YES;
				SDKROOT = iphoneos;
				SWIFT_ACTIVE_COMPILATION_CONDITIONS = DEBUG;
				SWIFT_OPTIMIZATION_LEVEL = "-Onone";
			};
			name = Debug;
		};
		FFB3D2C428F820DF005EAAF5 /* Release */ = {
			isa = XCBuildConfiguration;
			buildSettings = {
				ALWAYS_SEARCH_USER_PATHS = NO;
				CLANG_ANALYZER_NONNULL = YES;
				CLANG_ANALYZER_NUMBER_OBJECT_CONVERSION = YES_AGGRESSIVE;
				CLANG_CXX_LANGUAGE_STANDARD = "gnu++20";
				CLANG_ENABLE_MODULES = YES;
				CLANG_ENABLE_OBJC_ARC = YES;
				CLANG_ENABLE_OBJC_WEAK = YES;
				CLANG_WARN_BLOCK_CAPTURE_AUTORELEASING = YES;
				CLANG_WARN_BOOL_CONVERSION = YES;
				CLANG_WARN_COMMA = YES;
				CLANG_WARN_CONSTANT_CONVERSION = YES;
				CLANG_WARN_DEPRECATED_OBJC_IMPLEMENTATIONS = YES;
				CLANG_WARN_DIRECT_OBJC_ISA_USAGE = YES_ERROR;
				CLANG_WARN_DOCUMENTATION_COMMENTS = YES;
				CLANG_WARN_EMPTY_BODY = YES;
				CLANG_WARN_ENUM_CONVERSION = YES;
				CLANG_WARN_INFINITE_RECURSION = YES;
				CLANG_WARN_INT_CONVERSION = YES;
				CLANG_WARN_NON_LITERAL_NULL_CONVERSION = YES;
				CLANG_WARN_OBJC_IMPLICIT_RETAIN_SELF = YES;
				CLANG_WARN_OBJC_LITERAL_CONVERSION = YES;
				CLANG_WARN_OBJC_ROOT_CLASS = YES_ERROR;
				CLANG_WARN_QUOTED_INCLUDE_IN_FRAMEWORK_HEADER = YES;
				CLANG_WARN_RANGE_LOOP_ANALYSIS = YES;
				CLANG_WARN_STRICT_PROTOTYPES = YES;
				CLANG_WARN_SUSPICIOUS_MOVE = YES;
				CLANG_WARN_UNGUARDED_AVAILABILITY = YES_AGGRESSIVE;
				CLANG_WARN_UNREACHABLE_CODE = YES;
				CLANG_WARN__DUPLICATE_METHOD_MATCH = YES;
				COPY_PHASE_STRIP = NO;
				DEBUG_INFORMATION_FORMAT = "dwarf-with-dsym";
				ENABLE_NS_ASSERTIONS = NO;
				ENABLE_STRICT_OBJC_MSGSEND = YES;
				GCC_C_LANGUAGE_STANDARD = gnu11;
				GCC_NO_COMMON_BLOCKS = YES;
				GCC_WARN_64_TO_32_BIT_CONVERSION = YES;
				GCC_WARN_ABOUT_RETURN_TYPE = YES_ERROR;
				GCC_WARN_UNDECLARED_SELECTOR = YES;
				GCC_WARN_UNINITIALIZED_AUTOS = YES_AGGRESSIVE;
				GCC_WARN_UNUSED_FUNCTION = YES;
				GCC_WARN_UNUSED_VARIABLE = YES;
				IPHONEOS_DEPLOYMENT_TARGET = 16.0;
				MTL_ENABLE_DEBUG_INFO = NO;
				MTL_FAST_MATH = YES;
				SDKROOT = iphoneos;
				SWIFT_COMPILATION_MODE = wholemodule;
				SWIFT_OPTIMIZATION_LEVEL = "-O";
				VALIDATE_PRODUCT = YES;
			};
			name = Release;
		};
		FFB3D2C628F820DF005EAAF5 /* Debug */ = {
			isa = XCBuildConfiguration;
			buildSettings = {
				ASSETCATALOG_COMPILER_APPICON_NAME = AppIcon;
				ASSETCATALOG_COMPILER_GLOBAL_ACCENT_COLOR_NAME = AccentColor;
				CODE_SIGN_STYLE = Automatic;
				CURRENT_PROJECT_VERSION = 1;
				DEVELOPMENT_TEAM = NTS86MKTBV;
				GENERATE_INFOPLIST_FILE = YES;
				INFOPLIST_FILE = Stopoint/Info.plist;
				INFOPLIST_KEY_UIApplicationSupportsIndirectInputEvents = YES;
				INFOPLIST_KEY_UILaunchStoryboardName = LaunchScreen;
				INFOPLIST_KEY_UIMainStoryboardFile = Main;
				INFOPLIST_KEY_UISupportedInterfaceOrientations = UIInterfaceOrientationPortrait;
				INFOPLIST_KEY_UISupportedInterfaceOrientations_iPad = "UIInterfaceOrientationLandscapeLeft UIInterfaceOrientationLandscapeRight UIInterfaceOrientationPortrait UIInterfaceOrientationPortraitUpsideDown";
				LD_RUNPATH_SEARCH_PATHS = (
					"$(inherited)",
					"@executable_path/Frameworks",
				);
				MARKETING_VERSION = 1.0;
				PRODUCT_BUNDLE_IDENTIFIER = com.beatrizlds.Stopoint;
				PRODUCT_NAME = "$(TARGET_NAME)";
				SUPPORTED_PLATFORMS = "iphoneos iphonesimulator";
				SUPPORTS_MACCATALYST = NO;
				SUPPORTS_MAC_DESIGNED_FOR_IPHONE_IPAD = NO;
				SWIFT_EMIT_LOC_STRINGS = YES;
				SWIFT_VERSION = 5.0;
				TARGETED_DEVICE_FAMILY = 1;
			};
			name = Debug;
		};
		FFB3D2C728F820DF005EAAF5 /* Release */ = {
			isa = XCBuildConfiguration;
			buildSettings = {
				ASSETCATALOG_COMPILER_APPICON_NAME = AppIcon;
				ASSETCATALOG_COMPILER_GLOBAL_ACCENT_COLOR_NAME = AccentColor;
				CODE_SIGN_STYLE = Automatic;
				CURRENT_PROJECT_VERSION = 1;
				DEVELOPMENT_TEAM = NTS86MKTBV;
				GENERATE_INFOPLIST_FILE = YES;
				INFOPLIST_FILE = Stopoint/Info.plist;
				INFOPLIST_KEY_UIApplicationSupportsIndirectInputEvents = YES;
				INFOPLIST_KEY_UILaunchStoryboardName = LaunchScreen;
				INFOPLIST_KEY_UIMainStoryboardFile = Main;
				INFOPLIST_KEY_UISupportedInterfaceOrientations = UIInterfaceOrientationPortrait;
				INFOPLIST_KEY_UISupportedInterfaceOrientations_iPad = "UIInterfaceOrientationLandscapeLeft UIInterfaceOrientationLandscapeRight UIInterfaceOrientationPortrait UIInterfaceOrientationPortraitUpsideDown";
				LD_RUNPATH_SEARCH_PATHS = (
					"$(inherited)",
					"@executable_path/Frameworks",
				);
				MARKETING_VERSION = 1.0;
				PRODUCT_BUNDLE_IDENTIFIER = com.beatrizlds.Stopoint;
				PRODUCT_NAME = "$(TARGET_NAME)";
				SUPPORTED_PLATFORMS = "iphoneos iphonesimulator";
				SUPPORTS_MACCATALYST = NO;
				SUPPORTS_MAC_DESIGNED_FOR_IPHONE_IPAD = NO;
				SWIFT_EMIT_LOC_STRINGS = YES;
				SWIFT_VERSION = 5.0;
				TARGETED_DEVICE_FAMILY = 1;
			};
			name = Release;
		};
		FFB3D2C928F820DF005EAAF5 /* Debug */ = {
			isa = XCBuildConfiguration;
			buildSettings = {
				ALWAYS_EMBED_SWIFT_STANDARD_LIBRARIES = YES;
				BUNDLE_LOADER = "$(TEST_HOST)";
				CODE_SIGN_STYLE = Automatic;
				CURRENT_PROJECT_VERSION = 1;
				DEVELOPMENT_TEAM = NTS86MKTBV;
				GENERATE_INFOPLIST_FILE = YES;
				IPHONEOS_DEPLOYMENT_TARGET = 16.0;
				MARKETING_VERSION = 1.0;
				PRODUCT_BUNDLE_IDENTIFIER = com.beatrizlds.StopointTests;
				PRODUCT_NAME = "$(TARGET_NAME)";
				SWIFT_EMIT_LOC_STRINGS = NO;
				SWIFT_VERSION = 5.0;
				TARGETED_DEVICE_FAMILY = "1,2";
				TEST_HOST = "$(BUILT_PRODUCTS_DIR)/Stopoint.app/$(BUNDLE_EXECUTABLE_FOLDER_PATH)/Stopoint";
			};
			name = Debug;
		};
		FFB3D2CA28F820DF005EAAF5 /* Release */ = {
			isa = XCBuildConfiguration;
			buildSettings = {
				ALWAYS_EMBED_SWIFT_STANDARD_LIBRARIES = YES;
				BUNDLE_LOADER = "$(TEST_HOST)";
				CODE_SIGN_STYLE = Automatic;
				CURRENT_PROJECT_VERSION = 1;
				DEVELOPMENT_TEAM = NTS86MKTBV;
				GENERATE_INFOPLIST_FILE = YES;
				IPHONEOS_DEPLOYMENT_TARGET = 16.0;
				MARKETING_VERSION = 1.0;
				PRODUCT_BUNDLE_IDENTIFIER = com.beatrizlds.StopointTests;
				PRODUCT_NAME = "$(TARGET_NAME)";
				SWIFT_EMIT_LOC_STRINGS = NO;
				SWIFT_VERSION = 5.0;
				TARGETED_DEVICE_FAMILY = "1,2";
				TEST_HOST = "$(BUILT_PRODUCTS_DIR)/Stopoint.app/$(BUNDLE_EXECUTABLE_FOLDER_PATH)/Stopoint";
			};
			name = Release;
		};
		FFB3D2CC28F820DF005EAAF5 /* Debug */ = {
			isa = XCBuildConfiguration;
			buildSettings = {
				ALWAYS_EMBED_SWIFT_STANDARD_LIBRARIES = YES;
				CODE_SIGN_STYLE = Automatic;
				CURRENT_PROJECT_VERSION = 1;
				DEVELOPMENT_TEAM = NTS86MKTBV;
				GENERATE_INFOPLIST_FILE = YES;
				MARKETING_VERSION = 1.0;
				PRODUCT_BUNDLE_IDENTIFIER = com.beatrizlds.StopointUITests;
				PRODUCT_NAME = "$(TARGET_NAME)";
				SWIFT_EMIT_LOC_STRINGS = NO;
				SWIFT_VERSION = 5.0;
				TARGETED_DEVICE_FAMILY = "1,2";
				TEST_TARGET_NAME = Stopoint;
			};
			name = Debug;
		};
		FFB3D2CD28F820DF005EAAF5 /* Release */ = {
			isa = XCBuildConfiguration;
			buildSettings = {
				ALWAYS_EMBED_SWIFT_STANDARD_LIBRARIES = YES;
				CODE_SIGN_STYLE = Automatic;
				CURRENT_PROJECT_VERSION = 1;
				DEVELOPMENT_TEAM = NTS86MKTBV;
				GENERATE_INFOPLIST_FILE = YES;
				MARKETING_VERSION = 1.0;
				PRODUCT_BUNDLE_IDENTIFIER = com.beatrizlds.StopointUITests;
				PRODUCT_NAME = "$(TARGET_NAME)";
				SWIFT_EMIT_LOC_STRINGS = NO;
				SWIFT_VERSION = 5.0;
				TARGETED_DEVICE_FAMILY = "1,2";
				TEST_TARGET_NAME = Stopoint;
			};
			name = Release;
		};
/* End XCBuildConfiguration section */

/* Begin XCConfigurationList section */
		FFB3D29328F820DE005EAAF5 /* Build configuration list for PBXProject "Stopoint" */ = {
			isa = XCConfigurationList;
			buildConfigurations = (
				FFB3D2C328F820DF005EAAF5 /* Debug */,
				FFB3D2C428F820DF005EAAF5 /* Release */,
			);
			defaultConfigurationIsVisible = 0;
			defaultConfigurationName = Release;
		};
		FFB3D2C528F820DF005EAAF5 /* Build configuration list for PBXNativeTarget "Stopoint" */ = {
			isa = XCConfigurationList;
			buildConfigurations = (
				FFB3D2C628F820DF005EAAF5 /* Debug */,
				FFB3D2C728F820DF005EAAF5 /* Release */,
			);
			defaultConfigurationIsVisible = 0;
			defaultConfigurationName = Release;
		};
		FFB3D2C828F820DF005EAAF5 /* Build configuration list for PBXNativeTarget "StopointTests" */ = {
			isa = XCConfigurationList;
			buildConfigurations = (
				FFB3D2C928F820DF005EAAF5 /* Debug */,
				FFB3D2CA28F820DF005EAAF5 /* Release */,
			);
			defaultConfigurationIsVisible = 0;
			defaultConfigurationName = Release;
		};
		FFB3D2CB28F820DF005EAAF5 /* Build configuration list for PBXNativeTarget "StopointUITests" */ = {
			isa = XCConfigurationList;
			buildConfigurations = (
				FFB3D2CC28F820DF005EAAF5 /* Debug */,
				FFB3D2CD28F820DF005EAAF5 /* Release */,
			);
			defaultConfigurationIsVisible = 0;
			defaultConfigurationName = Release;
		};
/* End XCConfigurationList section */

/* Begin XCVersionGroup section */
		FFB3D2A428F820DE005EAAF5 /* Stopoint.xcdatamodeld */ = {
			isa = XCVersionGroup;
			children = (
				FFB3D2A528F820DE005EAAF5 /* Stopoint.xcdatamodel */,
			);
			currentVersion = FFB3D2A528F820DE005EAAF5 /* Stopoint.xcdatamodel */;
			path = Stopoint.xcdatamodeld;
			sourceTree = "<group>";
			versionGroupType = wrapper.xcdatamodel;
		};
/* End XCVersionGroup section */
	};
	rootObject = FFB3D29028F820DE005EAAF5 /* Project object */;
}
